{
  "version": 4,
  "terraform_version": "1.0.7",
  "serial": 1259,
  "lineage": "07dd1851-110a-a732-d528-21162a6f711a",
  "outputs": {
    "VPN_dns_name": {
      "value": "*.cvpn-endpoint-0f525493ca4c47a08.prod.clientvpn.eu-west-2.amazonaws.com",
      "type": "string"
    },
    "nexus0_info": {
      "value": "id:i-0ea4fbfea717ba1bc priv_ip:172.16.2.22",
      "type": "string"
    },
    "nexus1_info": {
      "value": "id:i-01660d61d99d815a5 priv_ip:172.16.3.153",
      "type": "string"
    },
    "nexus_EFS_store_mount_target_DNS": {
      "value": [
        "fs-6e0cc19e.efs.eu-west-2.amazonaws.com",
        "fs-6e0cc19e.efs.eu-west-2.amazonaws.com"
      ],
      "type": [
        "tuple",
        [
          "string",
          "string"
        ]
      ]
    },
    "nexus_lb_dns": {
      "value": "nexus-lb-1611390183.eu-west-2.elb.amazonaws.com",
      "type": "string"
    }
  },
  "resources": [
    {
      "mode": "data",
      "type": "aws_ami",
      "name": "nexus_ami",
      "provider": "provider[\"registry.terraform.io/hashicorp/aws\"]",
      "instances": [
        {
          "schema_version": 0,
          "attributes": {
            "architecture": "x86_64",
            "arn": "arn:aws:ec2:eu-west-2::image/ami-018d874727b19377f",
            "block_device_mappings": [
              {
                "device_name": "/dev/sda1",
                "ebs": {
                  "delete_on_termination": "true",
                  "encrypted": "false",
                  "iops": "0",
                  "snapshot_id": "snap-0f636d0645db75104",
                  "throughput": "0",
                  "volume_size": "8",
                  "volume_type": "gp2"
                },
                "no_device": "",
                "virtual_name": ""
              },
              {
                "device_name": "/dev/sdb",
                "ebs": {},
                "no_device": "",
                "virtual_name": "ephemeral0"
              },
              {
                "device_name": "/dev/sdc",
                "ebs": {},
                "no_device": "",
                "virtual_name": "ephemeral1"
              }
            ],
            "creation_date": "2021-10-18T10:06:03.000Z",
            "description": "",
            "ena_support": true,
            "executable_users": null,
            "filter": [
              {
                "name": "name",
                "values": [
                  "nexus_template_ami"
                ]
              }
            ],
            "hypervisor": "xen",
            "id": "ami-018d874727b19377f",
            "image_id": "ami-018d874727b19377f",
            "image_location": "565143587686/nexus_template_ami",
            "image_owner_alias": null,
            "image_type": "machine",
            "kernel_id": null,
            "most_recent": false,
            "name": "nexus_template_ami",
            "name_regex": null,
            "owner_id": "565143587686",
            "owners": [
              "self"
            ],
            "platform": null,
            "platform_details": "Linux/UNIX",
            "product_codes": [],
            "public": false,
            "ramdisk_id": null,
            "root_device_name": "/dev/sda1",
            "root_device_type": "ebs",
            "root_snapshot_id": "snap-0f636d0645db75104",
            "sriov_net_support": "simple",
            "state": "available",
            "state_reason": {
              "code": "UNSET",
              "message": "UNSET"
            },
            "tags": {
              "project": "gridu-aws-practice",
              "student": "atimonin"
            },
            "usage_operation": "RunInstances",
            "virtualization_type": "hvm"
          },
          "sensitive_attributes": []
        }
      ]
    },
    {
      "mode": "data",
      "type": "aws_availability_zones",
      "name": "az",
      "provider": "provider[\"registry.terraform.io/hashicorp/aws\"]",
      "instances": [
        {
          "schema_version": 0,
          "attributes": {
            "all_availability_zones": null,
            "exclude_names": null,
            "exclude_zone_ids": null,
            "filter": null,
            "group_names": [
              "eu-west-2"
            ],
            "id": "eu-west-2",
            "names": [
              "eu-west-2a",
              "eu-west-2b",
              "eu-west-2c"
            ],
            "state": "available",
            "zone_ids": [
              "euw2-az2",
              "euw2-az3",
              "euw2-az1"
            ]
          },
          "sensitive_attributes": []
        }
      ]
    },
    {
      "mode": "data",
      "type": "aws_efs_file_system",
      "name": "nexus_efs",
      "provider": "provider[\"registry.terraform.io/hashicorp/aws\"]",
      "instances": [
        {
          "schema_version": 0,
          "attributes": {
            "arn": "arn:aws:elasticfilesystem:eu-west-2:565143587686:file-system/fs-6e0cc19e",
            "availability_zone_id": "",
            "availability_zone_name": "",
            "creation_token": "nexus_store",
            "dns_name": "fs-6e0cc19e.efs.eu-west-2.amazonaws.com",
            "encrypted": false,
            "file_system_id": "fs-6e0cc19e",
            "id": "fs-6e0cc19e",
            "kms_key_id": "",
            "lifecycle_policy": [],
            "performance_mode": "generalPurpose",
            "provisioned_throughput_in_mibps": 0,
            "size_in_bytes": 6144,
            "tags": {
              "project": "gridu-aws-practice",
              "student": "atimonin"
            },
            "throughput_mode": "bursting"
          },
          "sensitive_attributes": []
        }
      ]
    },
    {
      "mode": "managed",
      "type": "aws_ec2_client_vpn_authorization_rule",
      "name": "vpn_auth_rule",
      "provider": "provider[\"registry.terraform.io/hashicorp/aws\"]",
      "instances": [
        {
          "schema_version": 0,
          "attributes": {
            "access_group_id": "",
            "authorize_all_groups": true,
            "client_vpn_endpoint_id": "cvpn-endpoint-0f525493ca4c47a08",
            "description": "",
            "id": "cvpn-endpoint-0f525493ca4c47a08,172.16.0.0/16",
            "target_network_cidr": "172.16.0.0/16"
          },
          "sensitive_attributes": [],
          "private": "bnVsbA==",
          "dependencies": [
            "aws_ec2_client_vpn_endpoint.nexus_vpn",
            "aws_vpc.main"
          ]
        }
      ]
    },
    {
      "mode": "managed",
      "type": "aws_ec2_client_vpn_endpoint",
      "name": "nexus_vpn",
      "provider": "provider[\"registry.terraform.io/hashicorp/aws\"]",
      "instances": [
        {
          "schema_version": 0,
          "attributes": {
            "arn": "arn:aws:ec2:eu-west-2:565143587686:client-vpn-endpoint/cvpn-endpoint-0f525493ca4c47a08",
            "authentication_options": [
              {
                "active_directory_id": "",
                "root_certificate_chain_arn": "arn:aws:acm:eu-west-2:565143587686:certificate/20737dd1-c0df-47bd-a92d-3487a152815d",
                "saml_provider_arn": "",
                "self_service_saml_provider_arn": "",
                "type": "certificate-authentication"
              }
            ],
            "client_cidr_block": "172.17.0.0/22",
            "connection_log_options": [
              {
                "cloudwatch_log_group": "",
                "cloudwatch_log_stream": "",
                "enabled": false
              }
            ],
            "description": "OpenVPN endpoint for clients",
            "dns_name": "*.cvpn-endpoint-0f525493ca4c47a08.prod.clientvpn.eu-west-2.amazonaws.com",
            "dns_servers": null,
            "id": "cvpn-endpoint-0f525493ca4c47a08",
            "self_service_portal": "disabled",
            "server_certificate_arn": "arn:aws:acm:eu-west-2:565143587686:certificate/ae7bca80-cac5-4843-9983-208ab685059e",
            "split_tunnel": true,
            "status": "pending-associate",
            "tags": null,
            "tags_all": {
              "student": "atimonin"
            },
            "transport_protocol": "udp"
          },
          "sensitive_attributes": [],
          "private": "bnVsbA=="
        }
      ]
    },
    {
      "mode": "managed",
      "type": "aws_ec2_client_vpn_network_association",
      "name": "vpn_subnets",
      "provider": "provider[\"registry.terraform.io/hashicorp/aws\"]",
      "instances": [
        {
          "index_key": 0,
          "schema_version": 0,
          "attributes": {
            "association_id": "cvpn-assoc-0cdbea8545146b9f0",
            "client_vpn_endpoint_id": "cvpn-endpoint-0f525493ca4c47a08",
            "id": "cvpn-assoc-0cdbea8545146b9f0",
            "security_groups": [
              "sg-0b5fa749216b546c6"
            ],
            "status": "associated",
            "subnet_id": "subnet-02e323870f53d5336",
            "vpc_id": "vpc-0f5ceeb41ce0b1b57"
          },
          "sensitive_attributes": [],
          "private": "bnVsbA==",
          "dependencies": [
            "aws_ec2_client_vpn_endpoint.nexus_vpn",
            "aws_security_group.nexus_vpn_sg",
            "aws_subnet.private",
            "aws_vpc.main",
            "data.aws_availability_zones.az"
          ]
        },
        {
          "index_key": 1,
          "schema_version": 0,
          "attributes": {
            "association_id": "cvpn-assoc-00825e4e341714182",
            "client_vpn_endpoint_id": "cvpn-endpoint-0f525493ca4c47a08",
            "id": "cvpn-assoc-00825e4e341714182",
            "security_groups": [
              "sg-0b5fa749216b546c6"
            ],
            "status": "associated",
            "subnet_id": "subnet-0e5b5ce61375f8e6e",
            "vpc_id": "vpc-0f5ceeb41ce0b1b57"
          },
          "sensitive_attributes": [],
          "private": "bnVsbA==",
          "dependencies": [
            "aws_ec2_client_vpn_endpoint.nexus_vpn",
            "aws_security_group.nexus_vpn_sg",
            "aws_subnet.private",
            "aws_vpc.main",
            "data.aws_availability_zones.az"
          ]
        }
      ]
    },
    {
      "mode": "managed",
      "type": "aws_efs_mount_target",
      "name": "nexus_mount_target",
      "provider": "provider[\"registry.terraform.io/hashicorp/aws\"]",
      "instances": [
        {
          "index_key": 0,
          "schema_version": 0,
          "attributes": {
            "availability_zone_id": "euw2-az2",
            "availability_zone_name": "eu-west-2a",
            "dns_name": "fs-6e0cc19e.efs.eu-west-2.amazonaws.com",
            "file_system_arn": "arn:aws:elasticfilesystem:eu-west-2:565143587686:file-system/fs-6e0cc19e",
            "file_system_id": "fs-6e0cc19e",
            "id": "fsmt-a9432858",
            "ip_address": "172.16.2.89",
            "mount_target_dns_name": "eu-west-2a.fs-6e0cc19e.efs.eu-west-2.amazonaws.com",
            "network_interface_id": "eni-0d72530a70fa0b0ba",
            "owner_id": "565143587686",
            "security_groups": [
              "sg-0739c7fb46af1a9da"
            ],
            "subnet_id": "subnet-02e323870f53d5336"
          },
          "sensitive_attributes": [],
          "private": "bnVsbA==",
          "dependencies": [
            "aws_security_group.nexus_efs_sg",
            "aws_subnet.private",
            "aws_vpc.main",
            "data.aws_availability_zones.az",
            "data.aws_efs_file_system.nexus_efs"
          ]
        },
        {
          "index_key": 1,
          "schema_version": 0,
          "attributes": {
            "availability_zone_id": "euw2-az3",
            "availability_zone_name": "eu-west-2b",
            "dns_name": "fs-6e0cc19e.efs.eu-west-2.amazonaws.com",
            "file_system_arn": "arn:aws:elasticfilesystem:eu-west-2:565143587686:file-system/fs-6e0cc19e",
            "file_system_id": "fs-6e0cc19e",
            "id": "fsmt-a6432857",
            "ip_address": "172.16.3.91",
            "mount_target_dns_name": "eu-west-2b.fs-6e0cc19e.efs.eu-west-2.amazonaws.com",
            "network_interface_id": "eni-0d45d1e1c5e84186f",
            "owner_id": "565143587686",
            "security_groups": [
              "sg-0739c7fb46af1a9da"
            ],
            "subnet_id": "subnet-0e5b5ce61375f8e6e"
          },
          "sensitive_attributes": [],
          "private": "bnVsbA==",
          "dependencies": [
            "aws_security_group.nexus_efs_sg",
            "aws_subnet.private",
            "aws_vpc.main",
            "data.aws_availability_zones.az",
            "data.aws_efs_file_system.nexus_efs"
          ]
        }
      ]
    },
    {
      "mode": "managed",
      "type": "aws_eip",
      "name": "nat_eip",
      "provider": "provider[\"registry.terraform.io/hashicorp/aws\"]",
      "instances": [
        {
          "index_key": 0,
          "schema_version": 0,
          "attributes": {
            "address": null,
            "allocation_id": null,
            "associate_with_private_ip": null,
            "association_id": "",
            "carrier_ip": "",
            "customer_owned_ip": "",
            "customer_owned_ipv4_pool": "",
            "domain": "vpc",
            "id": "eipalloc-0059b8437b14d568f",
            "instance": "",
            "network_border_group": "eu-west-2",
            "network_interface": "",
            "private_dns": null,
            "private_ip": "",
            "public_dns": "ec2-18-135-159-202.eu-west-2.compute.amazonaws.com",
            "public_ip": "18.135.159.202",
            "public_ipv4_pool": "amazon",
            "tags": null,
            "tags_all": {},
            "timeouts": null,
            "vpc": true
          },
          "sensitive_attributes": [],
          "private": "eyJlMmJmYjczMC1lY2FhLTExZTYtOGY4OC0zNDM2M2JjN2M0YzAiOnsiZGVsZXRlIjoxODAwMDAwMDAwMDAsInJlYWQiOjkwMDAwMDAwMDAwMCwidXBkYXRlIjozMDAwMDAwMDAwMDB9fQ==",
          "dependencies": [
            "aws_internet_gateway.igw",
            "aws_vpc.main"
          ]
        },
        {
          "index_key": 1,
          "schema_version": 0,
          "attributes": {
            "address": null,
            "allocation_id": null,
            "associate_with_private_ip": null,
            "association_id": "",
            "carrier_ip": "",
            "customer_owned_ip": "",
            "customer_owned_ipv4_pool": "",
            "domain": "vpc",
            "id": "eipalloc-08180335808bdb5e4",
            "instance": "",
            "network_border_group": "eu-west-2",
            "network_interface": "",
            "private_dns": null,
            "private_ip": "",
            "public_dns": "ec2-3-9-255-86.eu-west-2.compute.amazonaws.com",
            "public_ip": "3.9.255.86",
            "public_ipv4_pool": "amazon",
            "tags": null,
            "tags_all": {},
            "timeouts": null,
            "vpc": true
          },
          "sensitive_attributes": [],
          "private": "eyJlMmJmYjczMC1lY2FhLTExZTYtOGY4OC0zNDM2M2JjN2M0YzAiOnsiZGVsZXRlIjoxODAwMDAwMDAwMDAsInJlYWQiOjkwMDAwMDAwMDAwMCwidXBkYXRlIjozMDAwMDAwMDAwMDB9fQ==",
          "dependencies": [
            "aws_internet_gateway.igw",
            "aws_vpc.main"
          ]
        }
      ]
    },
    {
      "mode": "managed",
      "type": "aws_instance",
      "name": "nexus0",
      "provider": "provider[\"registry.terraform.io/hashicorp/aws\"]",
      "instances": [
        {
          "schema_version": 1,
          "attributes": {
            "ami": "ami-018d874727b19377f",
            "arn": "arn:aws:ec2:eu-west-2:565143587686:instance/i-0ea4fbfea717ba1bc",
            "associate_public_ip_address": false,
            "availability_zone": "eu-west-2a",
            "capacity_reservation_specification": [
              {
                "capacity_reservation_preference": "open",
                "capacity_reservation_target": []
              }
            ],
            "cpu_core_count": 1,
            "cpu_threads_per_core": 1,
            "credit_specification": [
              {
                "cpu_credits": "standard"
              }
            ],
            "disable_api_termination": false,
            "ebs_block_device": [],
            "ebs_optimized": false,
            "enclave_options": [
              {
                "enabled": false
              }
            ],
            "ephemeral_block_device": [],
            "get_password_data": false,
            "hibernation": false,
            "host_id": null,
            "iam_instance_profile": "",
            "id": "i-0ea4fbfea717ba1bc",
            "instance_initiated_shutdown_behavior": "stop",
            "instance_state": "running",
            "instance_type": "t2.small",
            "ipv6_address_count": 0,
            "ipv6_addresses": [],
            "key_name": "",
            "launch_template": [],
            "metadata_options": [
              {
                "http_endpoint": "enabled",
                "http_put_response_hop_limit": 1,
                "http_tokens": "optional"
              }
            ],
            "monitoring": false,
            "network_interface": [],
            "outpost_arn": "",
            "password_data": "",
            "placement_group": "",
            "primary_network_interface_id": "eni-0b57838a86993cd51",
            "private_dns": "ip-172-16-2-22.eu-west-2.compute.internal",
            "private_ip": "172.16.2.22",
            "public_dns": "",
            "public_ip": "",
            "root_block_device": [
              {
                "delete_on_termination": true,
                "device_name": "/dev/sda1",
                "encrypted": false,
                "iops": 100,
                "kms_key_id": "",
                "tags": {},
                "throughput": 0,
                "volume_id": "vol-0f3357e6e53d09fb5",
                "volume_size": 8,
                "volume_type": "gp2"
              }
            ],
            "secondary_private_ips": [],
            "security_groups": [],
            "source_dest_check": true,
            "subnet_id": "subnet-02e323870f53d5336",
            "tags": {
              "Name": "nexus0"
            },
            "tags_all": {
              "Name": "nexus0",
              "student": "atimonin"
            },
            "tenancy": "default",
            "timeouts": null,
            "user_data": null,
            "user_data_base64": null,
            "volume_tags": null,
            "vpc_security_group_ids": [
              "sg-011c36a99b14fdb89"
            ]
          },
          "sensitive_attributes": [],
          "private": "eyJlMmJmYjczMC1lY2FhLTExZTYtOGY4OC0zNDM2M2JjN2M0YzAiOnsiY3JlYXRlIjo2MDAwMDAwMDAwMDAsImRlbGV0ZSI6MTIwMDAwMDAwMDAwMCwidXBkYXRlIjo2MDAwMDAwMDAwMDB9LCJzY2hlbWFfdmVyc2lvbiI6IjEifQ==",
          "dependencies": [
            "aws_efs_mount_target.nexus_mount_target",
            "aws_security_group.nexus_efs_sg",
            "aws_security_group.nexus_sg",
            "aws_subnet.private",
            "aws_subnet.public",
            "aws_vpc.main",
            "data.aws_ami.nexus_ami",
            "data.aws_availability_zones.az",
            "data.aws_efs_file_system.nexus_efs"
          ]
        }
      ]
    },
    {
      "mode": "managed",
      "type": "aws_instance",
      "name": "nexus1",
      "provider": "provider[\"registry.terraform.io/hashicorp/aws\"]",
      "instances": [
        {
          "schema_version": 1,
          "attributes": {
            "ami": "ami-018d874727b19377f",
            "arn": "arn:aws:ec2:eu-west-2:565143587686:instance/i-01660d61d99d815a5",
            "associate_public_ip_address": false,
            "availability_zone": "eu-west-2b",
            "capacity_reservation_specification": [
              {
                "capacity_reservation_preference": "open",
                "capacity_reservation_target": []
              }
            ],
            "cpu_core_count": 1,
            "cpu_threads_per_core": 1,
            "credit_specification": [
              {
                "cpu_credits": "standard"
              }
            ],
            "disable_api_termination": false,
            "ebs_block_device": [],
            "ebs_optimized": false,
            "enclave_options": [
              {
                "enabled": false
              }
            ],
            "ephemeral_block_device": [],
            "get_password_data": false,
            "hibernation": false,
            "host_id": null,
            "iam_instance_profile": "",
            "id": "i-01660d61d99d815a5",
            "instance_initiated_shutdown_behavior": "stop",
            "instance_state": "running",
            "instance_type": "t2.small",
            "ipv6_address_count": 0,
            "ipv6_addresses": [],
            "key_name": "",
            "launch_template": [],
            "metadata_options": [
              {
                "http_endpoint": "enabled",
                "http_put_response_hop_limit": 1,
                "http_tokens": "optional"
              }
            ],
            "monitoring": false,
            "network_interface": [],
            "outpost_arn": "",
            "password_data": "",
            "placement_group": "",
            "primary_network_interface_id": "eni-0e738a16f4ca48a69",
            "private_dns": "ip-172-16-3-153.eu-west-2.compute.internal",
            "private_ip": "172.16.3.153",
            "public_dns": "",
            "public_ip": "",
            "root_block_device": [
              {
                "delete_on_termination": true,
                "device_name": "/dev/sda1",
                "encrypted": false,
                "iops": 100,
                "kms_key_id": "",
                "tags": {},
                "throughput": 0,
                "volume_id": "vol-0a5f4fd11012ac04d",
                "volume_size": 8,
                "volume_type": "gp2"
              }
            ],
            "secondary_private_ips": [],
            "security_groups": [],
            "source_dest_check": true,
            "subnet_id": "subnet-0e5b5ce61375f8e6e",
            "tags": {
              "Name": "nexus1"
            },
            "tags_all": {
              "Name": "nexus1",
              "student": "atimonin"
            },
            "tenancy": "default",
            "timeouts": null,
            "user_data": null,
            "user_data_base64": null,
            "volume_tags": null,
            "vpc_security_group_ids": [
              "sg-0e1a93f7a0579405a"
            ]
          },
          "sensitive_attributes": [],
          "private": "eyJlMmJmYjczMC1lY2FhLTExZTYtOGY4OC0zNDM2M2JjN2M0YzAiOnsiY3JlYXRlIjo2MDAwMDAwMDAwMDAsImRlbGV0ZSI6MTIwMDAwMDAwMDAwMCwidXBkYXRlIjo2MDAwMDAwMDAwMDB9LCJzY2hlbWFfdmVyc2lvbiI6IjEifQ==",
          "dependencies": [
            "aws_efs_mount_target.nexus_mount_target",
            "aws_instance.nexus0",
            "aws_security_group.nexus_efs_sg",
            "aws_security_group.nexus_sg",
            "aws_subnet.private",
            "aws_subnet.public",
            "aws_vpc.main",
            "data.aws_ami.nexus_ami",
            "data.aws_availability_zones.az",
            "data.aws_efs_file_system.nexus_efs",
            "null_resource.stop_nexus0",
            "time_sleep.wait_nexus0_settle"
          ]
        }
      ]
    },
    {
      "mode": "managed",
      "type": "aws_internet_gateway",
      "name": "igw",
      "provider": "provider[\"registry.terraform.io/hashicorp/aws\"]",
      "instances": [
        {
          "schema_version": 0,
          "attributes": {
            "arn": "arn:aws:ec2:eu-west-2:565143587686:internet-gateway/igw-07feccbf3f9e12636",
            "id": "igw-07feccbf3f9e12636",
            "owner_id": "565143587686",
            "tags": null,
            "tags_all": {
              "student": "atimonin"
            },
            "vpc_id": "vpc-0f5ceeb41ce0b1b57"
          },
          "sensitive_attributes": [],
          "private": "bnVsbA==",
          "dependencies": [
            "aws_vpc.main"
          ]
        }
      ]
    },
    {
      "mode": "managed",
      "type": "aws_lb",
      "name": "nexus_lb",
      "provider": "provider[\"registry.terraform.io/hashicorp/aws\"]",
      "instances": [
        {
          "schema_version": 0,
          "attributes": {
            "access_logs": [
              {
                "bucket": "",
                "enabled": false,
                "prefix": ""
              }
            ],
            "arn": "arn:aws:elasticloadbalancing:eu-west-2:565143587686:loadbalancer/app/nexus-lb/02f8ab1e9fb6160a",
            "arn_suffix": "app/nexus-lb/02f8ab1e9fb6160a",
            "customer_owned_ipv4_pool": "",
            "dns_name": "nexus-lb-1611390183.eu-west-2.elb.amazonaws.com",
            "drop_invalid_header_fields": false,
            "enable_cross_zone_load_balancing": null,
            "enable_deletion_protection": false,
            "enable_http2": true,
            "id": "arn:aws:elasticloadbalancing:eu-west-2:565143587686:loadbalancer/app/nexus-lb/02f8ab1e9fb6160a",
            "idle_timeout": 60,
            "internal": false,
            "ip_address_type": "ipv4",
            "load_balancer_type": "application",
            "name": "nexus-lb",
            "name_prefix": null,
            "security_groups": [
              "sg-04bb5e85fadf97076"
            ],
            "subnet_mapping": [
              {
                "allocation_id": "",
                "ipv6_address": "",
                "outpost_id": "",
                "private_ipv4_address": "",
                "subnet_id": "subnet-0ac9bc30702d6fc9e"
              },
              {
                "allocation_id": "",
                "ipv6_address": "",
                "outpost_id": "",
                "private_ipv4_address": "",
                "subnet_id": "subnet-0d6eac0ef65eb48f1"
              }
            ],
            "subnets": [
              "subnet-0ac9bc30702d6fc9e",
              "subnet-0d6eac0ef65eb48f1"
            ],
            "tags": {
              "project": "gridu-aws-practice"
            },
            "tags_all": {
              "project": "gridu-aws-practice",
              "student": "atimonin"
            },
            "timeouts": null,
            "vpc_id": "vpc-0f5ceeb41ce0b1b57",
            "zone_id": "ZHURV8PSTC4K8"
          },
          "sensitive_attributes": [],
          "private": "eyJlMmJmYjczMC1lY2FhLTExZTYtOGY4OC0zNDM2M2JjN2M0YzAiOnsiY3JlYXRlIjo2MDAwMDAwMDAwMDAsImRlbGV0ZSI6NjAwMDAwMDAwMDAwLCJ1cGRhdGUiOjYwMDAwMDAwMDAwMH19",
          "dependencies": [
            "aws_security_group.lb_sg",
            "aws_subnet.public",
            "aws_vpc.main",
            "data.aws_availability_zones.az"
          ]
        }
      ]
    },
    {
      "mode": "managed",
      "type": "aws_lb_listener",
      "name": "nexus_listener",
      "provider": "provider[\"registry.terraform.io/hashicorp/aws\"]",
      "instances": [
        {
          "schema_version": 0,
          "attributes": {
            "alpn_policy": null,
            "arn": "arn:aws:elasticloadbalancing:eu-west-2:565143587686:listener/app/nexus-lb/02f8ab1e9fb6160a/9fe299567bb4f514",
            "certificate_arn": null,
            "default_action": [
              {
                "authenticate_cognito": [],
                "authenticate_oidc": [],
                "fixed_response": [],
                "forward": [],
                "order": 1,
                "redirect": [],
                "target_group_arn": "arn:aws:elasticloadbalancing:eu-west-2:565143587686:targetgroup/nexus-lb-taget-group/13cd81f26b44cf88",
                "type": "forward"
              }
            ],
            "id": "arn:aws:elasticloadbalancing:eu-west-2:565143587686:listener/app/nexus-lb/02f8ab1e9fb6160a/9fe299567bb4f514",
            "load_balancer_arn": "arn:aws:elasticloadbalancing:eu-west-2:565143587686:loadbalancer/app/nexus-lb/02f8ab1e9fb6160a",
            "port": 80,
            "protocol": "HTTP",
            "ssl_policy": "",
            "tags": null,
            "tags_all": {
              "student": "atimonin"
            },
            "timeouts": null
          },
          "sensitive_attributes": [],
          "private": "eyJlMmJmYjczMC1lY2FhLTExZTYtOGY4OC0zNDM2M2JjN2M0YzAiOnsicmVhZCI6NjAwMDAwMDAwMDAwfX0=",
          "dependencies": [
            "aws_lb.nexus_lb",
            "aws_lb_target_group.nexus_targets",
            "aws_security_group.lb_sg",
            "aws_subnet.public",
            "aws_vpc.main",
            "data.aws_availability_zones.az"
          ]
        }
      ]
    },
    {
      "mode": "managed",
      "type": "aws_lb_target_group",
      "name": "nexus_targets",
      "provider": "provider[\"registry.terraform.io/hashicorp/aws\"]",
      "instances": [
        {
          "schema_version": 0,
          "attributes": {
            "arn": "arn:aws:elasticloadbalancing:eu-west-2:565143587686:targetgroup/nexus-lb-taget-group/13cd81f26b44cf88",
            "arn_suffix": "targetgroup/nexus-lb-taget-group/13cd81f26b44cf88",
            "deregistration_delay": 300,
            "health_check": [
              {
                "enabled": true,
                "healthy_threshold": 3,
                "interval": 30,
                "matcher": "200",
                "path": "/service/rest/v1/status",
                "port": "8081",
                "protocol": "HTTP",
                "timeout": 5,
                "unhealthy_threshold": 3
              }
            ],
            "id": "arn:aws:elasticloadbalancing:eu-west-2:565143587686:targetgroup/nexus-lb-taget-group/13cd81f26b44cf88",
            "lambda_multi_value_headers_enabled": false,
            "load_balancing_algorithm_type": "round_robin",
            "name": "nexus-lb-taget-group",
            "name_prefix": null,
            "port": 8081,
            "preserve_client_ip": null,
            "protocol": "HTTP",
            "protocol_version": "HTTP1",
            "proxy_protocol_v2": false,
            "slow_start": 0,
            "stickiness": [
              {
                "cookie_duration": 86400,
                "cookie_name": "",
                "enabled": true,
                "type": "lb_cookie"
              }
            ],
            "tags": {
              "project": "gridu-aws-practice"
            },
            "tags_all": {
              "project": "gridu-aws-practice",
              "student": "atimonin"
            },
            "target_type": "instance",
            "vpc_id": "vpc-0f5ceeb41ce0b1b57"
          },
          "sensitive_attributes": [],
          "private": "bnVsbA==",
          "dependencies": [
            "aws_vpc.main"
          ]
        }
      ]
    },
    {
      "mode": "managed",
      "type": "aws_lb_target_group_attachment",
      "name": "nexus0_target",
      "provider": "provider[\"registry.terraform.io/hashicorp/aws\"]",
      "instances": [
        {
          "schema_version": 0,
          "attributes": {
            "availability_zone": null,
            "id": "arn:aws:elasticloadbalancing:eu-west-2:565143587686:targetgroup/nexus-lb-taget-group/13cd81f26b44cf88-20211018102341144900000001",
            "port": 8081,
            "target_group_arn": "arn:aws:elasticloadbalancing:eu-west-2:565143587686:targetgroup/nexus-lb-taget-group/13cd81f26b44cf88",
            "target_id": "i-0ea4fbfea717ba1bc"
          },
          "sensitive_attributes": [],
          "private": "bnVsbA==",
          "dependencies": [
            "aws_efs_mount_target.nexus_mount_target",
            "aws_instance.nexus0",
            "aws_lb_target_group.nexus_targets",
            "aws_security_group.nexus_efs_sg",
            "aws_security_group.nexus_sg",
            "aws_subnet.private",
            "aws_subnet.public",
            "aws_vpc.main",
            "data.aws_ami.nexus_ami",
            "data.aws_availability_zones.az",
            "data.aws_efs_file_system.nexus_efs"
          ]
        }
      ]
    },
    {
      "mode": "managed",
      "type": "aws_lb_target_group_attachment",
      "name": "nexus1_target",
      "provider": "provider[\"registry.terraform.io/hashicorp/aws\"]",
      "instances": [
        {
          "schema_version": 0,
          "attributes": {
            "availability_zone": null,
            "id": "arn:aws:elasticloadbalancing:eu-west-2:565143587686:targetgroup/nexus-lb-taget-group/13cd81f26b44cf88-20211018102749024500000002",
            "port": 8081,
            "target_group_arn": "arn:aws:elasticloadbalancing:eu-west-2:565143587686:targetgroup/nexus-lb-taget-group/13cd81f26b44cf88",
            "target_id": "i-01660d61d99d815a5"
          },
          "sensitive_attributes": [],
          "private": "bnVsbA==",
          "dependencies": [
            "aws_efs_mount_target.nexus_mount_target",
            "aws_instance.nexus0",
            "aws_instance.nexus1",
            "aws_lb_target_group.nexus_targets",
            "aws_security_group.nexus_efs_sg",
            "aws_security_group.nexus_sg",
            "aws_subnet.private",
            "aws_subnet.public",
            "aws_vpc.main",
            "data.aws_ami.nexus_ami",
            "data.aws_availability_zones.az",
            "data.aws_efs_file_system.nexus_efs",
            "null_resource.stop_nexus0",
            "time_sleep.wait_nexus0_settle"
          ]
        }
      ]
    },
    {
      "mode": "managed",
      "type": "aws_nat_gateway",
      "name": "nat",
      "provider": "provider[\"registry.terraform.io/hashicorp/aws\"]",
      "instances": [
        {
          "index_key": 0,
          "schema_version": 0,
          "attributes": {
            "allocation_id": "eipalloc-0059b8437b14d568f",
            "connectivity_type": "public",
            "id": "nat-02ee0e0bdfd3515e0",
            "network_interface_id": "eni-0b30d97bdd14edbbc",
            "private_ip": "172.16.0.28",
            "public_ip": "18.135.159.202",
            "subnet_id": "subnet-0d6eac0ef65eb48f1",
            "tags": null,
            "tags_all": {
              "student": "atimonin"
            }
          },
          "sensitive_attributes": [],
          "private": "bnVsbA==",
          "dependencies": [
            "aws_eip.nat_eip",
            "aws_internet_gateway.igw",
            "aws_subnet.public",
            "aws_vpc.main",
            "data.aws_availability_zones.az"
          ]
        },
        {
          "index_key": 1,
          "schema_version": 0,
          "attributes": {
            "allocation_id": "eipalloc-08180335808bdb5e4",
            "connectivity_type": "public",
            "id": "nat-0c3b240d29f181d1f",
            "network_interface_id": "eni-0b6a180a9454b7d9e",
            "private_ip": "172.16.1.249",
            "public_ip": "3.9.255.86",
            "subnet_id": "subnet-0ac9bc30702d6fc9e",
            "tags": null,
            "tags_all": {
              "student": "atimonin"
            }
          },
          "sensitive_attributes": [],
          "private": "bnVsbA==",
          "dependencies": [
            "aws_eip.nat_eip",
            "aws_internet_gateway.igw",
            "aws_subnet.public",
            "aws_vpc.main",
            "data.aws_availability_zones.az"
          ]
        }
      ]
    },
    {
      "mode": "managed",
      "type": "aws_route",
      "name": "private_nat",
      "provider": "provider[\"registry.terraform.io/hashicorp/aws\"]",
      "instances": [
        {
          "index_key": 0,
          "schema_version": 0,
          "attributes": {
            "carrier_gateway_id": "",
            "destination_cidr_block": "0.0.0.0/0",
            "destination_ipv6_cidr_block": "",
            "destination_prefix_list_id": "",
            "egress_only_gateway_id": "",
            "gateway_id": "",
            "id": "r-rtb-04e09a6424afbabbd1080289494",
            "instance_id": "",
            "instance_owner_id": "",
            "local_gateway_id": "",
            "nat_gateway_id": "nat-02ee0e0bdfd3515e0",
            "network_interface_id": "",
            "origin": "CreateRoute",
            "route_table_id": "rtb-04e09a6424afbabbd",
            "state": "active",
            "timeouts": null,
            "transit_gateway_id": "",
            "vpc_endpoint_id": "",
            "vpc_peering_connection_id": ""
          },
          "sensitive_attributes": [],
          "private": "eyJlMmJmYjczMC1lY2FhLTExZTYtOGY4OC0zNDM2M2JjN2M0YzAiOnsiY3JlYXRlIjoxMjAwMDAwMDAwMDAsImRlbGV0ZSI6MzAwMDAwMDAwMDAwfX0=",
          "dependencies": [
            "aws_eip.nat_eip",
            "aws_internet_gateway.igw",
            "aws_nat_gateway.nat",
            "aws_route_table.private",
            "aws_subnet.public",
            "aws_vpc.main",
            "data.aws_availability_zones.az"
          ]
        },
        {
          "index_key": 1,
          "schema_version": 0,
          "attributes": {
            "carrier_gateway_id": "",
            "destination_cidr_block": "0.0.0.0/0",
            "destination_ipv6_cidr_block": "",
            "destination_prefix_list_id": "",
            "egress_only_gateway_id": "",
            "gateway_id": "",
            "id": "r-rtb-0ec0771a201c533f81080289494",
            "instance_id": "",
            "instance_owner_id": "",
            "local_gateway_id": "",
            "nat_gateway_id": "nat-0c3b240d29f181d1f",
            "network_interface_id": "",
            "origin": "CreateRoute",
            "route_table_id": "rtb-0ec0771a201c533f8",
            "state": "active",
            "timeouts": null,
            "transit_gateway_id": "",
            "vpc_endpoint_id": "",
            "vpc_peering_connection_id": ""
          },
          "sensitive_attributes": [],
          "private": "eyJlMmJmYjczMC1lY2FhLTExZTYtOGY4OC0zNDM2M2JjN2M0YzAiOnsiY3JlYXRlIjoxMjAwMDAwMDAwMDAsImRlbGV0ZSI6MzAwMDAwMDAwMDAwfX0=",
          "dependencies": [
            "aws_eip.nat_eip",
            "aws_internet_gateway.igw",
            "aws_nat_gateway.nat",
            "aws_route_table.private",
            "aws_subnet.public",
            "aws_vpc.main",
            "data.aws_availability_zones.az"
          ]
        }
      ]
    },
    {
      "mode": "managed",
      "type": "aws_route",
      "name": "public_igw",
      "provider": "provider[\"registry.terraform.io/hashicorp/aws\"]",
      "instances": [
        {
          "schema_version": 0,
          "attributes": {
            "carrier_gateway_id": "",
            "destination_cidr_block": "0.0.0.0/0",
            "destination_ipv6_cidr_block": "",
            "destination_prefix_list_id": "",
            "egress_only_gateway_id": "",
            "gateway_id": "igw-07feccbf3f9e12636",
            "id": "r-rtb-0ae430f7ecddab3ee1080289494",
            "instance_id": "",
            "instance_owner_id": "",
            "local_gateway_id": "",
            "nat_gateway_id": "",
            "network_interface_id": "",
            "origin": "CreateRoute",
            "route_table_id": "rtb-0ae430f7ecddab3ee",
            "state": "active",
            "timeouts": null,
            "transit_gateway_id": "",
            "vpc_endpoint_id": "",
            "vpc_peering_connection_id": ""
          },
          "sensitive_attributes": [],
          "private": "eyJlMmJmYjczMC1lY2FhLTExZTYtOGY4OC0zNDM2M2JjN2M0YzAiOnsiY3JlYXRlIjoxMjAwMDAwMDAwMDAsImRlbGV0ZSI6MzAwMDAwMDAwMDAwfX0=",
          "dependencies": [
            "aws_internet_gateway.igw",
            "aws_route_table.public",
            "aws_vpc.main"
          ]
        }
      ]
    },
    {
      "mode": "managed",
      "type": "aws_route_table",
      "name": "private",
      "provider": "provider[\"registry.terraform.io/hashicorp/aws\"]",
      "instances": [
        {
          "index_key": 0,
          "schema_version": 0,
          "attributes": {
            "arn": "arn:aws:ec2:eu-west-2:565143587686:route-table/rtb-04e09a6424afbabbd",
            "id": "rtb-04e09a6424afbabbd",
            "owner_id": "565143587686",
            "propagating_vgws": [],
            "route": [],
            "tags": {
              "Name": "nexus_private-0"
            },
            "tags_all": {
              "Name": "nexus_private-0",
              "student": "atimonin"
            },
            "vpc_id": "vpc-0f5ceeb41ce0b1b57"
          },
          "sensitive_attributes": [],
          "private": "bnVsbA==",
          "dependencies": [
            "aws_vpc.main"
          ]
        },
        {
          "index_key": 1,
          "schema_version": 0,
          "attributes": {
            "arn": "arn:aws:ec2:eu-west-2:565143587686:route-table/rtb-0ec0771a201c533f8",
            "id": "rtb-0ec0771a201c533f8",
            "owner_id": "565143587686",
            "propagating_vgws": [],
            "route": [],
            "tags": {
              "Name": "nexus_private-1"
            },
            "tags_all": {
              "Name": "nexus_private-1",
              "student": "atimonin"
            },
            "vpc_id": "vpc-0f5ceeb41ce0b1b57"
          },
          "sensitive_attributes": [],
          "private": "bnVsbA==",
          "dependencies": [
            "aws_vpc.main"
          ]
        }
      ]
    },
    {
      "mode": "managed",
      "type": "aws_route_table",
      "name": "public",
      "provider": "provider[\"registry.terraform.io/hashicorp/aws\"]",
      "instances": [
        {
          "schema_version": 0,
          "attributes": {
            "arn": "arn:aws:ec2:eu-west-2:565143587686:route-table/rtb-0ae430f7ecddab3ee",
            "id": "rtb-0ae430f7ecddab3ee",
            "owner_id": "565143587686",
            "propagating_vgws": [],
            "route": [],
            "tags": {
              "Name": "nexus_public"
            },
            "tags_all": {
              "Name": "nexus_public",
              "student": "atimonin"
            },
            "vpc_id": "vpc-0f5ceeb41ce0b1b57"
          },
          "sensitive_attributes": [],
          "private": "bnVsbA==",
          "dependencies": [
            "aws_vpc.main"
          ]
        }
      ]
    },
    {
      "mode": "managed",
      "type": "aws_route_table_association",
      "name": "private",
      "provider": "provider[\"registry.terraform.io/hashicorp/aws\"]",
      "instances": [
        {
          "index_key": 0,
          "schema_version": 0,
          "attributes": {
            "gateway_id": "",
            "id": "rtbassoc-0f77e80080a846345",
            "route_table_id": "rtb-04e09a6424afbabbd",
            "subnet_id": "subnet-02e323870f53d5336"
          },
          "sensitive_attributes": [],
          "private": "bnVsbA==",
          "dependencies": [
            "aws_route_table.private",
            "aws_subnet.private",
            "aws_vpc.main",
            "data.aws_availability_zones.az"
          ]
        },
        {
          "index_key": 1,
          "schema_version": 0,
          "attributes": {
            "gateway_id": "",
            "id": "rtbassoc-01a02b3282c8a2bf9",
            "route_table_id": "rtb-0ec0771a201c533f8",
            "subnet_id": "subnet-0e5b5ce61375f8e6e"
          },
          "sensitive_attributes": [],
          "private": "bnVsbA==",
          "dependencies": [
            "aws_route_table.private",
            "aws_subnet.private",
            "aws_vpc.main",
            "data.aws_availability_zones.az"
          ]
        }
      ]
    },
    {
      "mode": "managed",
      "type": "aws_route_table_association",
      "name": "public",
      "provider": "provider[\"registry.terraform.io/hashicorp/aws\"]",
      "instances": [
        {
          "index_key": 0,
          "schema_version": 0,
          "attributes": {
            "gateway_id": "",
            "id": "rtbassoc-01bcab3b74b07e3cb",
            "route_table_id": "rtb-0ae430f7ecddab3ee",
            "subnet_id": "subnet-0d6eac0ef65eb48f1"
          },
          "sensitive_attributes": [],
          "private": "bnVsbA==",
          "dependencies": [
            "aws_route_table.public",
            "aws_subnet.public",
            "aws_vpc.main",
            "data.aws_availability_zones.az"
          ]
        },
        {
          "index_key": 1,
          "schema_version": 0,
          "attributes": {
            "gateway_id": "",
            "id": "rtbassoc-037cb35adb6be704b",
            "route_table_id": "rtb-0ae430f7ecddab3ee",
            "subnet_id": "subnet-0ac9bc30702d6fc9e"
          },
          "sensitive_attributes": [],
          "private": "bnVsbA==",
          "dependencies": [
            "aws_route_table.public",
            "aws_subnet.public",
            "aws_vpc.main",
            "data.aws_availability_zones.az"
          ]
        }
      ]
    },
    {
      "mode": "managed",
      "type": "aws_security_group",
      "name": "lb_sg",
      "provider": "provider[\"registry.terraform.io/hashicorp/aws\"]",
      "instances": [
        {
          "schema_version": 1,
          "attributes": {
            "arn": "arn:aws:ec2:eu-west-2:565143587686:security-group/sg-04bb5e85fadf97076",
            "description": "Managed by Terraform",
            "egress": [
              {
                "cidr_blocks": [
                  "0.0.0.0/0"
                ],
                "description": "",
                "from_port": 0,
                "ipv6_cidr_blocks": [],
                "prefix_list_ids": [],
                "protocol": "-1",
                "security_groups": [],
                "self": false,
                "to_port": 0
              }
            ],
            "id": "sg-04bb5e85fadf97076",
            "ingress": [
              {
                "cidr_blocks": [
                  "0.0.0.0/0"
                ],
                "description": "",
                "from_port": 443,
                "ipv6_cidr_blocks": [],
                "prefix_list_ids": [],
                "protocol": "tcp",
                "security_groups": [],
                "self": false,
                "to_port": 443
              },
              {
                "cidr_blocks": [
                  "0.0.0.0/0"
                ],
                "description": "",
                "from_port": 80,
                "ipv6_cidr_blocks": [],
                "prefix_list_ids": [],
                "protocol": "tcp",
                "security_groups": [],
                "self": false,
                "to_port": 80
              }
            ],
            "name": "nexus_lb_sg",
            "name_prefix": "",
            "owner_id": "565143587686",
            "revoke_rules_on_delete": false,
            "tags": null,
            "tags_all": {
              "student": "atimonin"
            },
            "timeouts": null,
            "vpc_id": "vpc-0f5ceeb41ce0b1b57"
          },
          "sensitive_attributes": [],
          "private": "eyJlMmJmYjczMC1lY2FhLTExZTYtOGY4OC0zNDM2M2JjN2M0YzAiOnsiY3JlYXRlIjo2MDAwMDAwMDAwMDAsImRlbGV0ZSI6OTAwMDAwMDAwMDAwfSwic2NoZW1hX3ZlcnNpb24iOiIxIn0=",
          "dependencies": [
            "aws_vpc.main"
          ]
        }
      ]
    },
    {
      "mode": "managed",
      "type": "aws_security_group",
      "name": "nexus_efs_sg",
      "provider": "provider[\"registry.terraform.io/hashicorp/aws\"]",
      "instances": [
        {
          "schema_version": 1,
          "attributes": {
            "arn": "arn:aws:ec2:eu-west-2:565143587686:security-group/sg-0739c7fb46af1a9da",
            "description": "Allow inbound NFS from nexus and outbound any",
            "egress": [
              {
                "cidr_blocks": [
                  "0.0.0.0/0"
                ],
                "description": "",
                "from_port": 0,
                "ipv6_cidr_blocks": [],
                "prefix_list_ids": [],
                "protocol": "-1",
                "security_groups": [],
                "self": false,
                "to_port": 0
              }
            ],
            "id": "sg-0739c7fb46af1a9da",
            "ingress": [
              {
                "cidr_blocks": [
                  "172.16.2.0/24",
                  "172.16.3.0/24"
                ],
                "description": "",
                "from_port": 2049,
                "ipv6_cidr_blocks": [],
                "prefix_list_ids": [],
                "protocol": "tcp",
                "security_groups": [],
                "self": false,
                "to_port": 2049
              }
            ],
            "name": "EFS_sg",
            "name_prefix": "",
            "owner_id": "565143587686",
            "revoke_rules_on_delete": false,
            "tags": null,
            "tags_all": {
              "student": "atimonin"
            },
            "timeouts": null,
            "vpc_id": "vpc-0f5ceeb41ce0b1b57"
          },
          "sensitive_attributes": [],
          "private": "eyJlMmJmYjczMC1lY2FhLTExZTYtOGY4OC0zNDM2M2JjN2M0YzAiOnsiY3JlYXRlIjo2MDAwMDAwMDAwMDAsImRlbGV0ZSI6OTAwMDAwMDAwMDAwfSwic2NoZW1hX3ZlcnNpb24iOiIxIn0=",
          "dependencies": [
            "aws_subnet.private",
            "aws_vpc.main",
            "data.aws_availability_zones.az"
          ]
        }
      ]
    },
    {
      "mode": "managed",
      "type": "aws_security_group",
      "name": "nexus_sg",
      "provider": "provider[\"registry.terraform.io/hashicorp/aws\"]",
      "instances": [
        {
          "index_key": 0,
          "schema_version": 1,
          "attributes": {
            "arn": "arn:aws:ec2:eu-west-2:565143587686:security-group/sg-011c36a99b14fdb89",
            "description": "Allow ssh to nexus and outbound to everywhere (for downloads)",
            "egress": [
              {
                "cidr_blocks": [
                  "0.0.0.0/0"
                ],
                "description": "",
                "from_port": 0,
                "ipv6_cidr_blocks": [],
                "prefix_list_ids": [],
                "protocol": "-1",
                "security_groups": [],
                "self": false,
                "to_port": 0
              }
            ],
            "id": "sg-011c36a99b14fdb89",
            "ingress": [
              {
                "cidr_blocks": [
                  "0.0.0.0/0"
                ],
                "description": "",
                "from_port": 22,
                "ipv6_cidr_blocks": [],
                "prefix_list_ids": [],
                "protocol": "tcp",
                "security_groups": [],
                "self": false,
                "to_port": 22
              },
              {
                "cidr_blocks": [
                  "172.16.0.0/24"
                ],
                "description": "",
                "from_port": 8081,
                "ipv6_cidr_blocks": [],
                "prefix_list_ids": [],
                "protocol": "tcp",
                "security_groups": [],
                "self": false,
                "to_port": 8081
              }
            ],
            "name": "nexus_sg-0",
            "name_prefix": "",
            "owner_id": "565143587686",
            "revoke_rules_on_delete": false,
            "tags": null,
            "tags_all": {
              "student": "atimonin"
            },
            "timeouts": null,
            "vpc_id": "vpc-0f5ceeb41ce0b1b57"
          },
          "sensitive_attributes": [],
          "private": "eyJlMmJmYjczMC1lY2FhLTExZTYtOGY4OC0zNDM2M2JjN2M0YzAiOnsiY3JlYXRlIjo2MDAwMDAwMDAwMDAsImRlbGV0ZSI6OTAwMDAwMDAwMDAwfSwic2NoZW1hX3ZlcnNpb24iOiIxIn0=",
          "dependencies": [
            "aws_subnet.public",
            "aws_vpc.main",
            "data.aws_availability_zones.az"
          ]
        },
        {
          "index_key": 1,
          "schema_version": 1,
          "attributes": {
            "arn": "arn:aws:ec2:eu-west-2:565143587686:security-group/sg-0e1a93f7a0579405a",
            "description": "Allow ssh to nexus and outbound to everywhere (for downloads)",
            "egress": [
              {
                "cidr_blocks": [
                  "0.0.0.0/0"
                ],
                "description": "",
                "from_port": 0,
                "ipv6_cidr_blocks": [],
                "prefix_list_ids": [],
                "protocol": "-1",
                "security_groups": [],
                "self": false,
                "to_port": 0
              }
            ],
            "id": "sg-0e1a93f7a0579405a",
            "ingress": [
              {
                "cidr_blocks": [
                  "0.0.0.0/0"
                ],
                "description": "",
                "from_port": 22,
                "ipv6_cidr_blocks": [],
                "prefix_list_ids": [],
                "protocol": "tcp",
                "security_groups": [],
                "self": false,
                "to_port": 22
              },
              {
                "cidr_blocks": [
                  "172.16.1.0/24"
                ],
                "description": "",
                "from_port": 8081,
                "ipv6_cidr_blocks": [],
                "prefix_list_ids": [],
                "protocol": "tcp",
                "security_groups": [],
                "self": false,
                "to_port": 8081
              }
            ],
            "name": "nexus_sg-1",
            "name_prefix": "",
            "owner_id": "565143587686",
            "revoke_rules_on_delete": false,
            "tags": null,
            "tags_all": {
              "student": "atimonin"
            },
            "timeouts": null,
            "vpc_id": "vpc-0f5ceeb41ce0b1b57"
          },
          "sensitive_attributes": [],
          "private": "eyJlMmJmYjczMC1lY2FhLTExZTYtOGY4OC0zNDM2M2JjN2M0YzAiOnsiY3JlYXRlIjo2MDAwMDAwMDAwMDAsImRlbGV0ZSI6OTAwMDAwMDAwMDAwfSwic2NoZW1hX3ZlcnNpb24iOiIxIn0=",
          "dependencies": [
            "aws_subnet.public",
            "aws_vpc.main",
            "data.aws_availability_zones.az"
          ]
        }
      ]
    },
    {
      "mode": "managed",
      "type": "aws_security_group",
      "name": "nexus_vpn_sg",
      "provider": "provider[\"registry.terraform.io/hashicorp/aws\"]",
      "instances": [
        {
          "schema_version": 1,
          "attributes": {
            "arn": "arn:aws:ec2:eu-west-2:565143587686:security-group/sg-0b5fa749216b546c6",
            "description": "Managed by Terraform",
            "egress": [
              {
                "cidr_blocks": [
                  "0.0.0.0/0"
                ],
                "description": "",
                "from_port": 0,
                "ipv6_cidr_blocks": [],
                "prefix_list_ids": [],
                "protocol": "-1",
                "security_groups": [],
                "self": false,
                "to_port": 0
              }
            ],
            "id": "sg-0b5fa749216b546c6",
            "ingress": [
              {
                "cidr_blocks": [
                  "0.0.0.0/0"
                ],
                "description": "",
                "from_port": 443,
                "ipv6_cidr_blocks": [],
                "prefix_list_ids": [],
                "protocol": "udp",
                "security_groups": [],
                "self": false,
                "to_port": 443
              }
            ],
            "name": "nexus_vpn_sg",
            "name_prefix": "",
            "owner_id": "565143587686",
            "revoke_rules_on_delete": false,
            "tags": null,
            "tags_all": {
              "student": "atimonin"
            },
            "timeouts": null,
            "vpc_id": "vpc-0f5ceeb41ce0b1b57"
          },
          "sensitive_attributes": [],
          "private": "eyJlMmJmYjczMC1lY2FhLTExZTYtOGY4OC0zNDM2M2JjN2M0YzAiOnsiY3JlYXRlIjo2MDAwMDAwMDAwMDAsImRlbGV0ZSI6OTAwMDAwMDAwMDAwfSwic2NoZW1hX3ZlcnNpb24iOiIxIn0=",
          "dependencies": [
            "aws_vpc.main"
          ]
        }
      ]
    },
    {
      "mode": "managed",
      "type": "aws_subnet",
      "name": "private",
      "provider": "provider[\"registry.terraform.io/hashicorp/aws\"]",
      "instances": [
        {
          "index_key": 0,
          "schema_version": 1,
          "attributes": {
            "arn": "arn:aws:ec2:eu-west-2:565143587686:subnet/subnet-02e323870f53d5336",
            "assign_ipv6_address_on_creation": false,
            "availability_zone": "eu-west-2a",
            "availability_zone_id": "euw2-az2",
            "cidr_block": "172.16.2.0/24",
            "customer_owned_ipv4_pool": "",
            "id": "subnet-02e323870f53d5336",
            "ipv6_cidr_block": "",
            "ipv6_cidr_block_association_id": "",
            "map_customer_owned_ip_on_launch": false,
            "map_public_ip_on_launch": false,
            "outpost_arn": "",
            "owner_id": "565143587686",
            "tags": {
              "Name": "nexus_private-0"
            },
            "tags_all": {
              "Name": "nexus_private-0",
              "student": "atimonin"
            },
            "timeouts": null,
            "vpc_id": "vpc-0f5ceeb41ce0b1b57"
          },
          "sensitive_attributes": [],
          "private": "eyJlMmJmYjczMC1lY2FhLTExZTYtOGY4OC0zNDM2M2JjN2M0YzAiOnsiY3JlYXRlIjo2MDAwMDAwMDAwMDAsImRlbGV0ZSI6MTIwMDAwMDAwMDAwMH0sInNjaGVtYV92ZXJzaW9uIjoiMSJ9",
          "dependencies": [
            "aws_vpc.main",
            "data.aws_availability_zones.az"
          ]
        },
        {
          "index_key": 1,
          "schema_version": 1,
          "attributes": {
            "arn": "arn:aws:ec2:eu-west-2:565143587686:subnet/subnet-0e5b5ce61375f8e6e",
            "assign_ipv6_address_on_creation": false,
            "availability_zone": "eu-west-2b",
            "availability_zone_id": "euw2-az3",
            "cidr_block": "172.16.3.0/24",
            "customer_owned_ipv4_pool": "",
            "id": "subnet-0e5b5ce61375f8e6e",
            "ipv6_cidr_block": "",
            "ipv6_cidr_block_association_id": "",
            "map_customer_owned_ip_on_launch": false,
            "map_public_ip_on_launch": false,
            "outpost_arn": "",
            "owner_id": "565143587686",
            "tags": {
              "Name": "nexus_private-1"
            },
            "tags_all": {
              "Name": "nexus_private-1",
              "student": "atimonin"
            },
            "timeouts": null,
            "vpc_id": "vpc-0f5ceeb41ce0b1b57"
          },
          "sensitive_attributes": [],
          "private": "eyJlMmJmYjczMC1lY2FhLTExZTYtOGY4OC0zNDM2M2JjN2M0YzAiOnsiY3JlYXRlIjo2MDAwMDAwMDAwMDAsImRlbGV0ZSI6MTIwMDAwMDAwMDAwMH0sInNjaGVtYV92ZXJzaW9uIjoiMSJ9",
          "dependencies": [
            "aws_vpc.main",
            "data.aws_availability_zones.az"
          ]
        }
      ]
    },
    {
      "mode": "managed",
      "type": "aws_subnet",
      "name": "public",
      "provider": "provider[\"registry.terraform.io/hashicorp/aws\"]",
      "instances": [
        {
          "index_key": 0,
          "schema_version": 1,
          "attributes": {
            "arn": "arn:aws:ec2:eu-west-2:565143587686:subnet/subnet-0d6eac0ef65eb48f1",
            "assign_ipv6_address_on_creation": false,
            "availability_zone": "eu-west-2a",
            "availability_zone_id": "euw2-az2",
            "cidr_block": "172.16.0.0/24",
            "customer_owned_ipv4_pool": "",
            "id": "subnet-0d6eac0ef65eb48f1",
            "ipv6_cidr_block": "",
            "ipv6_cidr_block_association_id": "",
            "map_customer_owned_ip_on_launch": false,
            "map_public_ip_on_launch": true,
            "outpost_arn": "",
            "owner_id": "565143587686",
            "tags": {
              "Name": "nexus_public-0"
            },
            "tags_all": {
              "Name": "nexus_public-0",
              "student": "atimonin"
            },
            "timeouts": null,
            "vpc_id": "vpc-0f5ceeb41ce0b1b57"
          },
          "sensitive_attributes": [],
          "private": "eyJlMmJmYjczMC1lY2FhLTExZTYtOGY4OC0zNDM2M2JjN2M0YzAiOnsiY3JlYXRlIjo2MDAwMDAwMDAwMDAsImRlbGV0ZSI6MTIwMDAwMDAwMDAwMH0sInNjaGVtYV92ZXJzaW9uIjoiMSJ9",
          "dependencies": [
            "aws_vpc.main",
            "data.aws_availability_zones.az"
          ]
        },
        {
          "index_key": 1,
          "schema_version": 1,
          "attributes": {
            "arn": "arn:aws:ec2:eu-west-2:565143587686:subnet/subnet-0ac9bc30702d6fc9e",
            "assign_ipv6_address_on_creation": false,
            "availability_zone": "eu-west-2b",
            "availability_zone_id": "euw2-az3",
            "cidr_block": "172.16.1.0/24",
            "customer_owned_ipv4_pool": "",
            "id": "subnet-0ac9bc30702d6fc9e",
            "ipv6_cidr_block": "",
            "ipv6_cidr_block_association_id": "",
            "map_customer_owned_ip_on_launch": false,
            "map_public_ip_on_launch": true,
            "outpost_arn": "",
            "owner_id": "565143587686",
            "tags": {
              "Name": "nexus_public-1"
            },
            "tags_all": {
              "Name": "nexus_public-1",
              "student": "atimonin"
            },
            "timeouts": null,
            "vpc_id": "vpc-0f5ceeb41ce0b1b57"
          },
          "sensitive_attributes": [],
          "private": "eyJlMmJmYjczMC1lY2FhLTExZTYtOGY4OC0zNDM2M2JjN2M0YzAiOnsiY3JlYXRlIjo2MDAwMDAwMDAwMDAsImRlbGV0ZSI6MTIwMDAwMDAwMDAwMH0sInNjaGVtYV92ZXJzaW9uIjoiMSJ9",
          "dependencies": [
            "aws_vpc.main",
            "data.aws_availability_zones.az"
          ]
        }
      ]
    },
    {
      "mode": "managed",
      "type": "aws_vpc",
      "name": "main",
      "provider": "provider[\"registry.terraform.io/hashicorp/aws\"]",
      "instances": [
        {
          "schema_version": 1,
          "attributes": {
            "arn": "arn:aws:ec2:eu-west-2:565143587686:vpc/vpc-0f5ceeb41ce0b1b57",
            "assign_generated_ipv6_cidr_block": false,
            "cidr_block": "172.16.0.0/16",
            "default_network_acl_id": "acl-04134756dac80b685",
            "default_route_table_id": "rtb-04248e02053919a07",
            "default_security_group_id": "sg-0c851459b0fb5aa2c",
            "dhcp_options_id": "dopt-1ba1a973",
            "enable_classiclink": null,
            "enable_classiclink_dns_support": null,
            "enable_dns_hostnames": true,
            "enable_dns_support": true,
            "id": "vpc-0f5ceeb41ce0b1b57",
            "instance_tenancy": "default",
            "ipv6_association_id": "",
            "ipv6_cidr_block": "",
            "main_route_table_id": "rtb-04248e02053919a07",
            "owner_id": "565143587686",
            "tags": null,
            "tags_all": {
              "student": "atimonin"
            }
          },
          "sensitive_attributes": [],
          "private": "eyJzY2hlbWFfdmVyc2lvbiI6IjEifQ=="
        }
      ]
    },
    {
      "mode": "managed",
      "type": "null_resource",
      "name": "stop_nexus0",
      "provider": "provider[\"registry.terraform.io/hashicorp/null\"]",
      "instances": [
        {
          "schema_version": 0,
          "attributes": {
            "id": "3796764522732010774",
            "triggers": {
              "nexus0_change": "i-0ea4fbfea717ba1bc"
            }
          },
          "sensitive_attributes": [],
          "private": "bnVsbA==",
          "dependencies": [
            "aws_efs_mount_target.nexus_mount_target",
            "aws_instance.nexus0",
            "aws_security_group.nexus_efs_sg",
            "aws_security_group.nexus_sg",
            "aws_subnet.private",
            "aws_subnet.public",
            "aws_vpc.main",
            "data.aws_ami.nexus_ami",
            "data.aws_availability_zones.az",
            "data.aws_efs_file_system.nexus_efs",
            "time_sleep.wait_nexus0_settle"
          ]
        }
      ]
    },
    {
      "mode": "managed",
      "type": "time_sleep",
      "name": "wait_nexus0_settle",
      "provider": "provider[\"registry.terraform.io/hashicorp/time\"]",
      "instances": [
        {
          "schema_version": 0,
          "attributes": {
            "create_duration": "90s",
            "destroy_duration": null,
            "id": "2021-10-18T10:25:10Z",
            "triggers": {
              "nexus0_change": "i-0ea4fbfea717ba1bc"
            }
          },
          "sensitive_attributes": [],
          "private": "bnVsbA==",
          "dependencies": [
            "aws_efs_mount_target.nexus_mount_target",
            "aws_instance.nexus0",
            "aws_security_group.nexus_efs_sg",
            "aws_security_group.nexus_sg",
            "aws_subnet.private",
            "aws_subnet.public",
            "aws_vpc.main",
            "data.aws_ami.nexus_ami",
            "data.aws_availability_zones.az",
            "data.aws_efs_file_system.nexus_efs"
          ]
        }
      ]
    }
  ]
}
