{
  "version": 4,
  "terraform_version": "1.0.7",
  "serial": 232,
  "lineage": "f28e5f43-4e5f-9121-2c16-e9f2460bbb07",
  "outputs": {
    "nexus_lb_alarms_topic_arn": {
      "value": "arn:aws:sns:eu-west-2:565143587686:nexus_alb_alarms",
      "type": "string"
    },
    "nexus_target_gr_arn": {
      "value": "arn:aws:elasticloadbalancing:eu-west-2:565143587686:targetgroup/nexus-lb-taget-group/13cd81f26b44cf88",
      "type": "string"
    }
  },
  "resources": [
    {
      "mode": "data",
      "type": "aws_caller_identity",
      "name": "my_identity",
      "provider": "provider[\"registry.terraform.io/hashicorp/aws\"]",
      "instances": [
        {
          "schema_version": 0,
          "attributes": {
            "account_id": "565143587686",
            "arn": "arn:aws:iam::565143587686:user/atimonin",
            "id": "565143587686",
            "user_id": "AIDAYHFJOZNTIQ2SYV6I5"
          },
          "sensitive_attributes": []
        }
      ]
    },
    {
      "mode": "data",
      "type": "aws_lb",
      "name": "nexus_lb",
      "provider": "provider[\"registry.terraform.io/hashicorp/aws\"]",
      "instances": [
        {
          "schema_version": 0,
          "attributes": {
            "access_logs": [
              {
                "bucket": "",
                "enabled": false,
                "prefix": ""
              }
            ],
            "arn": "arn:aws:elasticloadbalancing:eu-west-2:565143587686:loadbalancer/app/nexus-lb/02f8ab1e9fb6160a",
            "arn_suffix": "app/nexus-lb/02f8ab1e9fb6160a",
            "customer_owned_ipv4_pool": "",
            "dns_name": "nexus-lb-1611390183.eu-west-2.elb.amazonaws.com",
            "drop_invalid_header_fields": false,
            "enable_deletion_protection": false,
            "enable_http2": true,
            "id": "arn:aws:elasticloadbalancing:eu-west-2:565143587686:loadbalancer/app/nexus-lb/02f8ab1e9fb6160a",
            "idle_timeout": 60,
            "internal": false,
            "ip_address_type": "ipv4",
            "load_balancer_type": "application",
            "name": "nexus-lb",
            "security_groups": [
              "sg-04bb5e85fadf97076"
            ],
            "subnet_mapping": [
              {
                "allocation_id": "",
                "ipv6_address": "",
                "outpost_id": "",
                "private_ipv4_address": "",
                "subnet_id": "subnet-0ac9bc30702d6fc9e"
              },
              {
                "allocation_id": "",
                "ipv6_address": "",
                "outpost_id": "",
                "private_ipv4_address": "",
                "subnet_id": "subnet-0d6eac0ef65eb48f1"
              }
            ],
            "subnets": [
              "subnet-0ac9bc30702d6fc9e",
              "subnet-0d6eac0ef65eb48f1"
            ],
            "tags": {
              "project": "gridu-aws-practice",
              "student": "atimonin"
            },
            "vpc_id": "vpc-0f5ceeb41ce0b1b57",
            "zone_id": "ZHURV8PSTC4K8"
          },
          "sensitive_attributes": []
        }
      ]
    },
    {
      "mode": "data",
      "type": "aws_lb_target_group",
      "name": "nexus_target_gr",
      "provider": "provider[\"registry.terraform.io/hashicorp/aws\"]",
      "instances": [
        {
          "schema_version": 0,
          "attributes": {
            "arn": "arn:aws:elasticloadbalancing:eu-west-2:565143587686:targetgroup/nexus-lb-taget-group/13cd81f26b44cf88",
            "arn_suffix": "targetgroup/nexus-lb-taget-group/13cd81f26b44cf88",
            "deregistration_delay": 300,
            "health_check": [
              {
                "enabled": true,
                "healthy_threshold": 3,
                "interval": 30,
                "matcher": "200",
                "path": "/service/rest/v1/status",
                "port": "8081",
                "protocol": "HTTP",
                "timeout": 5,
                "unhealthy_threshold": 3
              }
            ],
            "id": "arn:aws:elasticloadbalancing:eu-west-2:565143587686:targetgroup/nexus-lb-taget-group/13cd81f26b44cf88",
            "lambda_multi_value_headers_enabled": null,
            "load_balancing_algorithm_type": "round_robin",
            "name": "nexus-lb-taget-group",
            "port": 8081,
            "preserve_client_ip": null,
            "protocol": "HTTP",
            "protocol_version": "HTTP1",
            "proxy_protocol_v2": null,
            "slow_start": 0,
            "stickiness": [
              {
                "cookie_duration": 86400,
                "cookie_name": "",
                "enabled": true,
                "type": "lb_cookie"
              }
            ],
            "tags": {
              "project": "gridu-aws-practice",
              "student": "atimonin"
            },
            "target_type": "instance",
            "vpc_id": "vpc-0f5ceeb41ce0b1b57"
          },
          "sensitive_attributes": []
        }
      ]
    },
    {
      "mode": "managed",
      "type": "aws_cloudwatch_log_group",
      "name": "nexus_lambda_logs",
      "provider": "provider[\"registry.terraform.io/hashicorp/aws\"]",
      "instances": [
        {
          "schema_version": 0,
          "attributes": {
            "arn": "arn:aws:logs:eu-west-2:565143587686:log-group:/aws/lambda/nexus_sw",
            "id": "/aws/lambda/nexus_sw",
            "kms_key_id": "",
            "name": "/aws/lambda/nexus_sw",
            "name_prefix": null,
            "retention_in_days": 3,
            "tags": null,
            "tags_all": {
              "student": "atimonin"
            }
          },
          "sensitive_attributes": [],
          "private": "bnVsbA==",
          "dependencies": [
            "aws_iam_role.nsw_role",
            "aws_lambda_function.nexus_switch",
            "data.aws_lb.nexus_lb",
            "data.aws_lb_target_group.nexus_target_gr"
          ]
        }
      ]
    },
    {
      "mode": "managed",
      "type": "aws_cloudwatch_metric_alarm",
      "name": "nexus_alb_alarm",
      "provider": "provider[\"registry.terraform.io/hashicorp/aws\"]",
      "instances": [
        {
          "schema_version": 1,
          "attributes": {
            "actions_enabled": true,
            "alarm_actions": [
              "arn:aws:sns:eu-west-2:565143587686:nexus_alb_alarms"
            ],
            "alarm_description": "",
            "alarm_name": "Nexus-ALB-alarm",
            "arn": "arn:aws:cloudwatch:eu-west-2:565143587686:alarm:Nexus-ALB-alarm",
            "comparison_operator": "LessThanThreshold",
            "datapoints_to_alarm": 0,
            "dimensions": {
              "LoadBalancer": "app/nexus-lb/02f8ab1e9fb6160a",
              "TargetGroup": "targetgroup/nexus-lb-taget-group/13cd81f26b44cf88"
            },
            "evaluate_low_sample_count_percentiles": "",
            "evaluation_periods": 3,
            "extended_statistic": "",
            "id": "Nexus-ALB-alarm",
            "insufficient_data_actions": null,
            "metric_name": "HealthyHostCount",
            "metric_query": [],
            "namespace": "AWS/ApplicationELB",
            "ok_actions": null,
            "period": 60,
            "statistic": "Average",
            "tags": null,
            "tags_all": {
              "student": "atimonin"
            },
            "threshold": 0.5,
            "threshold_metric_id": "",
            "treat_missing_data": "missing",
            "unit": ""
          },
          "sensitive_attributes": [],
          "private": "eyJzY2hlbWFfdmVyc2lvbiI6IjEifQ==",
          "dependencies": [
            "aws_sns_topic.nexus_alb_alarms",
            "data.aws_lb.nexus_lb",
            "data.aws_lb_target_group.nexus_target_gr"
          ]
        }
      ]
    },
    {
      "mode": "managed",
      "type": "aws_iam_policy",
      "name": "nsw_policy",
      "provider": "provider[\"registry.terraform.io/hashicorp/aws\"]",
      "instances": [
        {
          "schema_version": 0,
          "attributes": {
            "arn": "arn:aws:iam::565143587686:policy/AWSLambdaSwitchLBInstance",
            "description": "Policy permitting to switch master-slave instances",
            "id": "arn:aws:iam::565143587686:policy/AWSLambdaSwitchLBInstance",
            "name": "AWSLambdaSwitchLBInstance",
            "name_prefix": null,
            "path": "/",
            "policy": "{\n   \"Version\": \"2012-10-17\",\n   \"Statement\": [\n     {\n       \"Sid\": \"CloudwatchLogs\",\n       \"Effect\": \"Allow\",\n       \"Action\": [\n         \"logs:CreateLogGroup\",\n         \"logs:CreateLogStream\",\n         \"logs:PutLogEvents\"\n       ],\n       \"Resource\": \"arn:aws:logs:*:565143587686:log-group:*\"\n     },\n     {\n       \"Sid\": \"EC2list\",\n       \"Action\": [\n         \"ec2:DescribeInstance*\"\n       ],\n       \"Effect\": \"Allow\",\n       \"Resource\": \"*\"\n     },\n     {\n       \"Sid\": \"EC2write\",\n       \"Action\": [\n\t \"ec2:Start*\",\n\t \"ec2:Stop*\"\n       ],\n       \"Effect\": \"Allow\",\n       \"Resource\": \"arn:aws:ec2:*:565143587686:instance/*\"\n     },\n     {\n       \"Sid\": \"ELBV2\",\n       \"Action\": [\n         \"elasticloadbalancing:Describe*\"\n       ],\n       \"Effect\": \"Allow\",\n       \"Resource\": \"*\"\n     }\n   ]\n}\n",
            "policy_id": "ANPAYHFJOZNTMVKBDCGWY",
            "tags": null,
            "tags_all": {
              "student": "atimonin"
            }
          },
          "sensitive_attributes": [],
          "private": "bnVsbA==",
          "dependencies": [
            "data.aws_caller_identity.my_identity"
          ]
        }
      ]
    },
    {
      "mode": "managed",
      "type": "aws_iam_role",
      "name": "nsw_role",
      "provider": "provider[\"registry.terraform.io/hashicorp/aws\"]",
      "instances": [
        {
          "schema_version": 0,
          "attributes": {
            "arn": "arn:aws:iam::565143587686:role/AWSLambdaSwitchLBInstance",
            "assume_role_policy": "{\"Version\":\"2012-10-17\",\"Statement\":[{\"Sid\":\"\",\"Effect\":\"Allow\",\"Principal\":{\"Service\":\"lambda.amazonaws.com\"},\"Action\":\"sts:AssumeRole\"}]}",
            "create_date": "2021-10-18T10:33:55Z",
            "description": "Role to switch master-slave instances",
            "force_detach_policies": false,
            "id": "AWSLambdaSwitchLBInstance",
            "inline_policy": [
              {
                "name": "",
                "policy": ""
              }
            ],
            "managed_policy_arns": [],
            "max_session_duration": 3600,
            "name": "AWSLambdaSwitchLBInstance",
            "name_prefix": "",
            "path": "/",
            "permissions_boundary": "arn:aws:iam::565143587686:policy/DefaultBoundaryPolicy",
            "tags": null,
            "tags_all": {
              "student": "atimonin"
            },
            "unique_id": "AROAYHFJOZNTLLR2V3WBI"
          },
          "sensitive_attributes": [],
          "private": "bnVsbA=="
        }
      ]
    },
    {
      "mode": "managed",
      "type": "aws_iam_role_policy_attachment",
      "name": "nsw_role_policy",
      "provider": "provider[\"registry.terraform.io/hashicorp/aws\"]",
      "instances": [
        {
          "schema_version": 0,
          "attributes": {
            "id": "AWSLambdaSwitchLBInstance-20211018103357948200000001",
            "policy_arn": "arn:aws:iam::565143587686:policy/AWSLambdaSwitchLBInstance",
            "role": "AWSLambdaSwitchLBInstance"
          },
          "sensitive_attributes": [],
          "private": "bnVsbA==",
          "dependencies": [
            "aws_iam_policy.nsw_policy",
            "aws_iam_role.nsw_role",
            "data.aws_caller_identity.my_identity"
          ]
        }
      ]
    },
    {
      "mode": "managed",
      "type": "aws_lambda_function",
      "name": "nexus_switch",
      "provider": "provider[\"registry.terraform.io/hashicorp/aws\"]",
      "instances": [
        {
          "schema_version": 0,
          "attributes": {
            "architectures": [
              "x86_64"
            ],
            "arn": "arn:aws:lambda:eu-west-2:565143587686:function:nexus_sw",
            "code_signing_config_arn": "",
            "dead_letter_config": [],
            "description": "",
            "environment": [
              {
                "variables": {
                  "ELB_NAME": "nexus-lb",
                  "TG_NAME": "nexus-lb-taget-group"
                }
              }
            ],
            "file_system_config": [],
            "filename": "switch_targets_lambda/lambda-package.zip",
            "function_name": "nexus_sw",
            "handler": "lambda_function.lambda_handler",
            "id": "nexus_sw",
            "image_config": [],
            "image_uri": "",
            "invoke_arn": "arn:aws:apigateway:eu-west-2:lambda:path/2015-03-31/functions/arn:aws:lambda:eu-west-2:565143587686:function:nexus_sw/invocations",
            "kms_key_arn": "",
            "last_modified": "2021-10-18T10:34:04.618+0000",
            "layers": null,
            "memory_size": 250,
            "package_type": "Zip",
            "publish": false,
            "qualified_arn": "arn:aws:lambda:eu-west-2:565143587686:function:nexus_sw:$LATEST",
            "reserved_concurrent_executions": -1,
            "role": "arn:aws:iam::565143587686:role/AWSLambdaSwitchLBInstance",
            "runtime": "python3.7",
            "s3_bucket": null,
            "s3_key": null,
            "s3_object_version": null,
            "signing_job_arn": "",
            "signing_profile_version_arn": "",
            "source_code_hash": "FXz/616Hkx/xyjojJan0ZoWQcaJ9cC4Ydt2KEYUmul0=",
            "source_code_size": 2487,
            "tags": null,
            "tags_all": {
              "student": "atimonin"
            },
            "timeout": 60,
            "timeouts": null,
            "tracing_config": [
              {
                "mode": "PassThrough"
              }
            ],
            "version": "$LATEST",
            "vpc_config": []
          },
          "sensitive_attributes": [],
          "private": "eyJlMmJmYjczMC1lY2FhLTExZTYtOGY4OC0zNDM2M2JjN2M0YzAiOnsiY3JlYXRlIjo2MDAwMDAwMDAwMDB9fQ==",
          "dependencies": [
            "aws_iam_role.nsw_role",
            "data.aws_lb.nexus_lb",
            "data.aws_lb_target_group.nexus_target_gr"
          ]
        }
      ]
    },
    {
      "mode": "managed",
      "type": "aws_lambda_permission",
      "name": "lambda_sns",
      "provider": "provider[\"registry.terraform.io/hashicorp/aws\"]",
      "instances": [
        {
          "schema_version": 0,
          "attributes": {
            "action": "lambda:InvokeFunction",
            "event_source_token": null,
            "function_name": "nexus_sw",
            "id": "AllowExecutionFromSNS",
            "principal": "sns.amazonaws.com",
            "qualifier": "",
            "source_account": null,
            "source_arn": "arn:aws:sns:eu-west-2:565143587686:nexus_alb_alarms",
            "statement_id": "AllowExecutionFromSNS",
            "statement_id_prefix": null
          },
          "sensitive_attributes": [],
          "private": "bnVsbA==",
          "dependencies": [
            "aws_iam_role.nsw_role",
            "aws_lambda_function.nexus_switch",
            "aws_sns_topic.nexus_alb_alarms",
            "data.aws_lb.nexus_lb",
            "data.aws_lb_target_group.nexus_target_gr"
          ]
        }
      ]
    },
    {
      "mode": "managed",
      "type": "aws_sns_topic",
      "name": "nexus_alb_alarms",
      "provider": "provider[\"registry.terraform.io/hashicorp/aws\"]",
      "instances": [
        {
          "schema_version": 0,
          "attributes": {
            "application_failure_feedback_role_arn": "",
            "application_success_feedback_role_arn": "",
            "application_success_feedback_sample_rate": null,
            "arn": "arn:aws:sns:eu-west-2:565143587686:nexus_alb_alarms",
            "content_based_deduplication": false,
            "delivery_policy": "",
            "display_name": "Nexus ALB alarms",
            "fifo_topic": false,
            "firehose_failure_feedback_role_arn": "",
            "firehose_success_feedback_role_arn": "",
            "firehose_success_feedback_sample_rate": null,
            "http_failure_feedback_role_arn": "",
            "http_success_feedback_role_arn": "",
            "http_success_feedback_sample_rate": null,
            "id": "arn:aws:sns:eu-west-2:565143587686:nexus_alb_alarms",
            "kms_master_key_id": "",
            "lambda_failure_feedback_role_arn": "",
            "lambda_success_feedback_role_arn": "",
            "lambda_success_feedback_sample_rate": null,
            "name": "nexus_alb_alarms",
            "name_prefix": "",
            "owner": "565143587686",
            "policy": "{\"Version\":\"2008-10-17\",\"Id\":\"__default_policy_ID\",\"Statement\":[{\"Sid\":\"__default_statement_ID\",\"Effect\":\"Allow\",\"Principal\":{\"AWS\":\"*\"},\"Action\":[\"SNS:GetTopicAttributes\",\"SNS:SetTopicAttributes\",\"SNS:AddPermission\",\"SNS:RemovePermission\",\"SNS:DeleteTopic\",\"SNS:Subscribe\",\"SNS:ListSubscriptionsByTopic\",\"SNS:Publish\",\"SNS:Receive\"],\"Resource\":\"arn:aws:sns:eu-west-2:565143587686:nexus_alb_alarms\",\"Condition\":{\"StringEquals\":{\"AWS:SourceOwner\":\"565143587686\"}}}]}",
            "sqs_failure_feedback_role_arn": "",
            "sqs_success_feedback_role_arn": "",
            "sqs_success_feedback_sample_rate": null,
            "tags": null,
            "tags_all": {
              "student": "atimonin"
            }
          },
          "sensitive_attributes": [],
          "private": "bnVsbA=="
        }
      ]
    },
    {
      "mode": "managed",
      "type": "aws_sns_topic_subscription",
      "name": "nexus_lambda_sns",
      "provider": "provider[\"registry.terraform.io/hashicorp/aws\"]",
      "instances": [
        {
          "schema_version": 0,
          "attributes": {
            "arn": "arn:aws:sns:eu-west-2:565143587686:nexus_alb_alarms:ef2ef760-97bd-4ad3-b75b-9a0c9337c70d",
            "confirmation_timeout_in_minutes": 1,
            "confirmation_was_authenticated": true,
            "delivery_policy": "",
            "endpoint": "arn:aws:lambda:eu-west-2:565143587686:function:nexus_sw",
            "endpoint_auto_confirms": false,
            "filter_policy": "",
            "id": "arn:aws:sns:eu-west-2:565143587686:nexus_alb_alarms:ef2ef760-97bd-4ad3-b75b-9a0c9337c70d",
            "owner_id": "565143587686",
            "pending_confirmation": false,
            "protocol": "lambda",
            "raw_message_delivery": false,
            "redrive_policy": "",
            "subscription_role_arn": "",
            "topic_arn": "arn:aws:sns:eu-west-2:565143587686:nexus_alb_alarms"
          },
          "sensitive_attributes": [],
          "private": "bnVsbA==",
          "dependencies": [
            "aws_iam_role.nsw_role",
            "aws_lambda_function.nexus_switch",
            "aws_sns_topic.nexus_alb_alarms",
            "data.aws_lb.nexus_lb",
            "data.aws_lb_target_group.nexus_target_gr"
          ]
        }
      ]
    }
  ]
}
