{
  "version": 4,
  "terraform_version": "1.0.7",
  "serial": 172,
  "lineage": "78fd491c-c520-fee1-8a44-c7e6be0ba455",
  "outputs": {
    "AZ0": {
      "value": "eu-west-2a",
      "type": "string"
    },
    "nexus_EFS_store_DNS": {
      "value": "fs-6e0cc19e.efs.eu-west-2.amazonaws.com",
      "type": "string"
    },
    "nexus_EFS_store_id": {
      "value": "fs-6e0cc19e",
      "type": "string"
    },
    "nexus_EFS_store_mount_target_DNS": {
      "value": "fs-6e0cc19e.efs.eu-west-2.amazonaws.com",
      "type": "string"
    },
    "nexus_ami_id": {
      "value": "ami-018d874727b19377f",
      "type": "string"
    },
    "nexus_template_instance_id": {
      "value": "i-0bc31a27b2db7e8ef",
      "type": "string"
    },
    "nexus_template_public_ip": {
      "value": "18.130.63.72",
      "type": "string"
    },
    "subnet_az0": {
      "value": "id: subnet-39014743 CIDR: 172.31.16.0/20",
      "type": "string"
    }
  },
  "resources": [
    {
      "mode": "data",
      "type": "aws_availability_zones",
      "name": "az",
      "provider": "provider[\"registry.terraform.io/hashicorp/aws\"]",
      "instances": [
        {
          "schema_version": 0,
          "attributes": {
            "all_availability_zones": null,
            "exclude_names": null,
            "exclude_zone_ids": null,
            "filter": null,
            "group_names": [
              "eu-west-2"
            ],
            "id": "eu-west-2",
            "names": [
              "eu-west-2a",
              "eu-west-2b",
              "eu-west-2c"
            ],
            "state": "available",
            "zone_ids": [
              "euw2-az2",
              "euw2-az3",
              "euw2-az1"
            ]
          },
          "sensitive_attributes": []
        }
      ]
    },
    {
      "mode": "managed",
      "type": "aws_default_subnet",
      "name": "default_subnet_az0",
      "provider": "provider[\"registry.terraform.io/hashicorp/aws\"]",
      "instances": [
        {
          "schema_version": 1,
          "attributes": {
            "arn": "arn:aws:ec2:eu-west-2:565143587686:subnet/subnet-39014743",
            "assign_ipv6_address_on_creation": false,
            "availability_zone": "eu-west-2a",
            "availability_zone_id": "euw2-az2",
            "cidr_block": "172.31.16.0/20",
            "customer_owned_ipv4_pool": "",
            "id": "subnet-39014743",
            "ipv6_cidr_block": "",
            "ipv6_cidr_block_association_id": "",
            "map_customer_owned_ip_on_launch": false,
            "map_public_ip_on_launch": true,
            "outpost_arn": "",
            "owner_id": "565143587686",
            "tags": null,
            "tags_all": {},
            "timeouts": null,
            "vpc_id": "vpc-5f774737"
          },
          "sensitive_attributes": [],
          "private": "eyJlMmJmYjczMC1lY2FhLTExZTYtOGY4OC0zNDM2M2JjN2M0YzAiOnsiY3JlYXRlIjo2MDAwMDAwMDAwMDAsImRlbGV0ZSI6MTIwMDAwMDAwMDAwMH0sInNjaGVtYV92ZXJzaW9uIjoiMSJ9",
          "dependencies": [
            "data.aws_availability_zones.az"
          ]
        }
      ]
    },
    {
      "mode": "managed",
      "type": "aws_efs_mount_target",
      "name": "nexus_mount_target",
      "provider": "provider[\"registry.terraform.io/hashicorp/aws\"]",
      "instances": [
        {
          "schema_version": 0,
          "attributes": {
            "availability_zone_id": "euw2-az2",
            "availability_zone_name": "eu-west-2a",
            "dns_name": "fs-6e0cc19e.efs.eu-west-2.amazonaws.com",
            "file_system_arn": "arn:aws:elasticfilesystem:eu-west-2:565143587686:file-system/fs-6e0cc19e",
            "file_system_id": "fs-6e0cc19e",
            "id": "fsmt-5e4c27af",
            "ip_address": "172.31.22.240",
            "mount_target_dns_name": "eu-west-2a.fs-6e0cc19e.efs.eu-west-2.amazonaws.com",
            "network_interface_id": "eni-09f4f2e542e6dc221",
            "owner_id": "565143587686",
            "security_groups": [
              "sg-0df6a007ccc5a7d46"
            ],
            "subnet_id": "subnet-39014743"
          },
          "sensitive_attributes": [],
          "private": "bnVsbA==",
          "dependencies": [
            "aws_default_subnet.default_subnet_az0",
            "aws_efs_file_system.nexus_store",
            "aws_security_group.nexus_efs_sg",
            "aws_security_group.nexus_template_sg",
            "data.aws_availability_zones.az"
          ]
        }
      ]
    },
    {
      "mode": "managed",
      "type": "aws_instance",
      "name": "nexus_template",
      "provider": "provider[\"registry.terraform.io/hashicorp/aws\"]",
      "instances": [
        {
          "schema_version": 1,
          "attributes": {
            "ami": "ami-0194c3e07668a7e36",
            "arn": "arn:aws:ec2:eu-west-2:565143587686:instance/i-0bc31a27b2db7e8ef",
            "associate_public_ip_address": true,
            "availability_zone": "eu-west-2a",
            "capacity_reservation_specification": [
              {
                "capacity_reservation_preference": "open",
                "capacity_reservation_target": []
              }
            ],
            "cpu_core_count": 1,
            "cpu_threads_per_core": 1,
            "credit_specification": [
              {
                "cpu_credits": "standard"
              }
            ],
            "disable_api_termination": false,
            "ebs_block_device": [],
            "ebs_optimized": false,
            "enclave_options": [
              {
                "enabled": false
              }
            ],
            "ephemeral_block_device": [],
            "get_password_data": false,
            "hibernation": false,
            "host_id": null,
            "iam_instance_profile": "",
            "id": "i-0bc31a27b2db7e8ef",
            "instance_initiated_shutdown_behavior": "stop",
            "instance_state": "running",
            "instance_type": "t2.small",
            "ipv6_address_count": 0,
            "ipv6_addresses": [],
            "key_name": "atimonin",
            "launch_template": [],
            "metadata_options": [
              {
                "http_endpoint": "enabled",
                "http_put_response_hop_limit": 1,
                "http_tokens": "optional"
              }
            ],
            "monitoring": false,
            "network_interface": [],
            "outpost_arn": "",
            "password_data": "",
            "placement_group": "",
            "primary_network_interface_id": "eni-0391df133ca64fb4d",
            "private_dns": "ip-172-31-23-166.eu-west-2.compute.internal",
            "private_ip": "172.31.23.166",
            "public_dns": "ec2-18-130-63-72.eu-west-2.compute.amazonaws.com",
            "public_ip": "18.130.63.72",
            "root_block_device": [
              {
                "delete_on_termination": true,
                "device_name": "/dev/sda1",
                "encrypted": false,
                "iops": 100,
                "kms_key_id": "",
                "tags": {},
                "throughput": 0,
                "volume_id": "vol-08d225e4694d36c3c",
                "volume_size": 8,
                "volume_type": "gp2"
              }
            ],
            "secondary_private_ips": [],
            "security_groups": [
              "nexus_template_allow_ssh"
            ],
            "source_dest_check": true,
            "subnet_id": "subnet-39014743",
            "tags": {
              "Name": "nexus_template_instance",
              "student": "atimonin"
            },
            "tags_all": {
              "Name": "nexus_template_instance",
              "student": "atimonin"
            },
            "tenancy": "default",
            "timeouts": null,
            "user_data": null,
            "user_data_base64": null,
            "volume_tags": null,
            "vpc_security_group_ids": [
              "sg-08718482d94c39b2d"
            ]
          },
          "sensitive_attributes": [],
          "private": "eyJlMmJmYjczMC1lY2FhLTExZTYtOGY4OC0zNDM2M2JjN2M0YzAiOnsiY3JlYXRlIjo2MDAwMDAwMDAwMDAsImRlbGV0ZSI6MTIwMDAwMDAwMDAwMCwidXBkYXRlIjo2MDAwMDAwMDAwMDB9LCJzY2hlbWFfdmVyc2lvbiI6IjEifQ==",
          "dependencies": [
            "aws_default_subnet.default_subnet_az0",
            "aws_efs_file_system.nexus_store",
            "aws_efs_mount_target.nexus_mount_target",
            "aws_security_group.nexus_efs_sg",
            "aws_security_group.nexus_template_sg",
            "data.aws_availability_zones.az"
          ]
        }
      ]
    },
    {
      "mode": "managed",
      "type": "aws_security_group",
      "name": "nexus_efs_sg",
      "provider": "provider[\"registry.terraform.io/hashicorp/aws\"]",
      "instances": [
        {
          "schema_version": 1,
          "attributes": {
            "arn": "arn:aws:ec2:eu-west-2:565143587686:security-group/sg-0df6a007ccc5a7d46",
            "description": "Allow inbound from nexus_template and outbound any",
            "egress": [
              {
                "cidr_blocks": [],
                "description": "",
                "from_port": 0,
                "ipv6_cidr_blocks": [],
                "prefix_list_ids": [],
                "protocol": "-1",
                "security_groups": [],
                "self": false,
                "to_port": 0
              }
            ],
            "id": "sg-0df6a007ccc5a7d46",
            "ingress": [
              {
                "cidr_blocks": [],
                "description": "",
                "from_port": 2049,
                "ipv6_cidr_blocks": [],
                "prefix_list_ids": [],
                "protocol": "tcp",
                "security_groups": [
                  "sg-08718482d94c39b2d"
                ],
                "self": false,
                "to_port": 2049
              }
            ],
            "name": "EFS_sg",
            "name_prefix": "",
            "owner_id": "565143587686",
            "revoke_rules_on_delete": false,
            "tags": {
              "student": "atimonin"
            },
            "tags_all": {
              "student": "atimonin"
            },
            "timeouts": null,
            "vpc_id": "vpc-5f774737"
          },
          "sensitive_attributes": [],
          "private": "eyJlMmJmYjczMC1lY2FhLTExZTYtOGY4OC0zNDM2M2JjN2M0YzAiOnsiY3JlYXRlIjo2MDAwMDAwMDAwMDAsImRlbGV0ZSI6OTAwMDAwMDAwMDAwfSwic2NoZW1hX3ZlcnNpb24iOiIxIn0=",
          "dependencies": [
            "aws_security_group.nexus_template_sg"
          ]
        }
      ]
    },
    {
      "mode": "managed",
      "type": "aws_security_group",
      "name": "nexus_template_sg",
      "provider": "provider[\"registry.terraform.io/hashicorp/aws\"]",
      "instances": [
        {
          "schema_version": 1,
          "attributes": {
            "arn": "arn:aws:ec2:eu-west-2:565143587686:security-group/sg-08718482d94c39b2d",
            "description": "Allow ssh to nexus_template and outbound to everywhere (for downloads)",
            "egress": [
              {
                "cidr_blocks": [
                  "0.0.0.0/0"
                ],
                "description": "",
                "from_port": 0,
                "ipv6_cidr_blocks": [
                  "::/0"
                ],
                "prefix_list_ids": [],
                "protocol": "-1",
                "security_groups": [],
                "self": false,
                "to_port": 0
              }
            ],
            "id": "sg-08718482d94c39b2d",
            "ingress": [
              {
                "cidr_blocks": [
                  "0.0.0.0/0"
                ],
                "description": "",
                "from_port": 0,
                "ipv6_cidr_blocks": [],
                "prefix_list_ids": [],
                "protocol": "tcp",
                "security_groups": [],
                "self": false,
                "to_port": 22
              }
            ],
            "name": "nexus_template_allow_ssh",
            "name_prefix": "",
            "owner_id": "565143587686",
            "revoke_rules_on_delete": false,
            "tags": {
              "student": "atimonin"
            },
            "tags_all": {
              "student": "atimonin"
            },
            "timeouts": null,
            "vpc_id": "vpc-5f774737"
          },
          "sensitive_attributes": [],
          "private": "eyJlMmJmYjczMC1lY2FhLTExZTYtOGY4OC0zNDM2M2JjN2M0YzAiOnsiY3JlYXRlIjo2MDAwMDAwMDAwMDAsImRlbGV0ZSI6OTAwMDAwMDAwMDAwfSwic2NoZW1hX3ZlcnNpb24iOiIxIn0="
        }
      ]
    }
  ]
}
